// !$*UTF8*$!
{
	archiveVersion = 1;
	classes = {
	};
	objectVersion = 46;
	objects = {

/* Begin PBXBuildFile section */
		B93274D21C220DDF00460372 /* AppDelegate.swift in Sources */ = {isa = PBXBuildFile; fileRef = B93274D11C220DDF00460372 /* AppDelegate.swift */; };
		B93274D41C220DDF00460372 /* ViewController.swift in Sources */ = {isa = PBXBuildFile; fileRef = B93274D31C220DDF00460372 /* ViewController.swift */; };
		B93274D71C220DDF00460372 /* Main.storyboard in Resources */ = {isa = PBXBuildFile; fileRef = B93274D51C220DDF00460372 /* Main.storyboard */; };
		B93274D91C220DDF00460372 /* Assets.xcassets in Resources */ = {isa = PBXBuildFile; fileRef = B93274D81C220DDF00460372 /* Assets.xcassets */; };
		B93274DC1C220DDF00460372 /* LaunchScreen.storyboard in Resources */ = {isa = PBXBuildFile; fileRef = B93274DA1C220DDF00460372 /* LaunchScreen.storyboard */; };
/* End PBXBuildFile section */

/* Begin PBXFileReference section */
		B93274CE1C220DDF00460372 /* SwiftBit.app */ = {isa = PBXFileReference; explicitFileType = wrapper.application; includeInIndex = 0; path = SwiftBit.app; sourceTree = BUILT_PRODUCTS_DIR; };
		B93274D11C220DDF00460372 /* AppDelegate.swift */ = {isa = PBXFileReference; lastKnownFileType = sourcecode.swift; path = AppDelegate.swift; sourceTree = "<group>"; };
		B93274D31C220DDF00460372 /* ViewController.swift */ = {isa = PBXFileReference; lastKnownFileType = sourcecode.swift; path = ViewController.swift; sourceTree = "<group>"; };
		B93274D61C220DDF00460372 /* Base */ = {isa = PBXFileReference; lastKnownFileType = file.storyboard; name = Base; path = Base.lproj/Main.storyboard; sourceTree = "<group>"; };
		B93274D81C220DDF00460372 /* Assets.xcassets */ = {isa = PBXFileReference; lastKnownFileType = folder.assetcatalog; path = Assets.xcassets; sourceTree = "<group>"; };
		B93274DB1C220DDF00460372 /* Base */ = {isa = PBXFileReference; lastKnownFileType = file.storyboard; name = Base; path = Base.lproj/LaunchScreen.storyboard; sourceTree = "<group>"; };
		B93274DD1C220DDF00460372 /* Info.plist */ = {isa = PBXFileReference; lastKnownFileType = text.plist.xml; path = Info.plist; sourceTree = "<group>"; };
/* End PBXFileReference section */

/* Begin PBXFrameworksBuildPhase section */
		B93274CB1C220DDF00460372 /* Frameworks */ = {
			isa = PBXFrameworksBuildPhase;
			buildActionMask = 2147483647;
			files = (
			);
			runOnlyForDeploymentPostprocessing = 0;
		};
/* End PBXFrameworksBuildPhase section */

/* Begin PBXGroup section */
		B93274C51C220DDF00460372 = {
			isa = PBXGroup;
			children = (
				B93274D01C220DDF00460372 /* SwiftBit */,
				B93274CF1C220DDF00460372 /* Products */,
			);
			sourceTree = "<group>";
		};
		B93274CF1C220DDF00460372 /* Products */ = {
			isa = PBXGroup;
			children = (
				B93274CE1C220DDF00460372 /* SwiftBit.app */,
			);
			name = Products;
			sourceTree = "<group>";
		};
		B93274D01C220DDF00460372 /* SwiftBit */ = {
			isa = PBXGroup;
			children = (
				B93274D11C220DDF00460372 /* AppDelegate.swift */,
				B93274D31C220DDF00460372 /* ViewController.swift */,
				B93274D51C220DDF00460372 /* Main.storyboard */,
				B93274D81C220DDF00460372 /* Assets.xcassets */,
				B93274DA1C220DDF00460372 /* LaunchScreen.storyboard */,
				B93274DD1C220DDF00460372 /* Info.plist */,
			);
			path = SwiftBit;
			sourceTree = "<group>";
		};
/* End PBXGroup section */

/* Begin PBXNativeTarget section */
		B93274CD1C220DDF00460372 /* SwiftBit */ = {
			isa = PBXNativeTarget;
			buildConfigurationList = B93274E01C220DDF00460372 /* Build configuration list for PBXNativeTarget "SwiftBit" */;
			buildPhases = (
				B93274CA1C220DDF00460372 /* Sources */,
				B93274CB1C220DDF00460372 /* Frameworks */,
				B93274CC1C220DDF00460372 /* Resources */,
			);
			buildRules = (
			);
			dependencies = (
			);
			name = SwiftBit;
			productName = SwiftBit;
			productReference = B93274CE1C220DDF00460372 /* SwiftBit.app */;
			productType = "com.apple.product-type.application";
		};
/* End PBXNativeTarget section */

/* Begin PBXProject section */
		B93274C61C220DDF00460372 /* Project object */ = {
			isa = PBXProject;
			attributes = {
				LastSwiftUpdateCheck = 0720;
				LastUpgradeCheck = 0720;
				ORGANIZATIONNAME = "Jorge Maroto García";
				TargetAttributes = {
					B93274CD1C220DDF00460372 = {
						CreatedOnToolsVersion = 7.2;
					};
				};
			};
			buildConfigurationList = B93274C91C220DDF00460372 /* Build configuration list for PBXProject "SwiftBit" */;
			compatibilityVersion = "Xcode 3.2";
			developmentRegion = English;
			hasScannedForEncodings = 0;
			knownRegions = (
				en,
				Base,
			);
			mainGroup = B93274C51C220DDF00460372;
			productRefGroup = B93274CF1C220DDF00460372 /* Products */;
			projectDirPath = "";
			projectRoot = "";
			targets = (
				B93274CD1C220DDF00460372 /* SwiftBit */,
			);
		};
/* End PBXProject section */

/* Begin PBXResourcesBuildPhase section */
		B93274CC1C220DDF00460372 /* Resources */ = {
			isa = PBXResourcesBuildPhase;
			buildActionMask = 2147483647;
			files = (
				B93274DC1C220DDF00460372 /* LaunchScreen.storyboard in Resources */,
				B93274D91C220DDF00460372 /* Assets.xcassets in Resources */,
				B93274D71C220DDF00460372 /* Main.storyboard in Resources */,
			);
			runOnlyForDeploymentPostprocessing = 0;
		};
/* End PBXResourcesBuildPhase section */

/* Begin PBXSourcesBuildPhase section */
		B93274CA1C220DDF00460372 /* Sources */ = {
			isa = PBXSourcesBuildPhase;
			buildActionMask = 2147483647;
			files = (
				B93274D41C220DDF00460372 /* ViewController.swift in Sources */,
				B93274D21C220DDF00460372 /* AppDelegate.swift in Sources */,
			);
			runOnlyForDeploymentPostprocessing = 0;
		};
/* End PBXSourcesBuildPhase section */

/* Begin PBXVariantGroup section */
		B93274D51C220DDF00460372 /* Main.storyboard */ = {
			isa = PBXVariantGroup;
			children = (
				B93274D61C220DDF00460372 /* Base */,
			);
			name = Main.storyboard;
			sourceTree = "<group>";
		};
		B93274DA1C220DDF00460372 /* LaunchScreen.storyboard */ = {
			isa = PBXVariantGroup;
			children = (
				B93274DB1C220DDF00460372 /* Base */,
			);
			name = LaunchScreen.storyboard;
			sourceTree = "<group>";
		};
/* End PBXVariantGroup section */

/* Begin XCBuildConfiguration section */
		B93274DE1C220DDF00460372 /* Debug */ = {
			isa = XCBuildConfiguration;
			buildSettings = {
				ALWAYS_SEARCH_USER_PATHS = NO;
				CLANG_CXX_LANGUAGE_STANDARD = "gnu++0x";
				CLANG_CXX_LIBRARY = "libc++";
				CLANG_ENABLE_MODULES = YES;
				CLANG_ENABLE_OBJC_ARC = YES;
				CLANG_WARN_BOOL_CONVERSION = YES;
				CLANG_WARN_CONSTANT_CONVERSION = YES;
				CLANG_WARN_DIRECT_OBJC_ISA_USAGE = YES_ERROR;
				CLANG_WARN_EMPTY_BODY = YES;
				CLANG_WARN_ENUM_CONVERSION = YES;
				CLANG_WARN_INT_CONVERSION = YES;
				CLANG_WARN_OBJC_ROOT_CLASS = YES_ERROR;
				CLANG_WARN_UNREACHABLE_CODE = YES;
				CLANG_WARN__DUPLICATE_METHOD_MATCH = YES;
				"CODE_SIGN_IDENTITY[sdk=iphoneos*]" = "iPhone Developer";
				COPY_PHASE_STRIP = NO;
				DEBUG_INFORMATION_FORMAT = dwarf;
				ENABLE_STRICT_OBJC_MSGSEND = YES;
				ENABLE_TESTABILITY = YES;
				GCC_C_LANGUAGE_STANDARD = gnu99;
				GCC_DYNAMIC_NO_PIC = NO;
				GCC_NO_COMMON_BLOCKS = YES;
				GCC_OPTIMIZATION_LEVEL = 0;
				GCC_PREPROCESSOR_DEFINITIONS = (
					"DEBUG=1",
					"$(inherited)",
				);
				GCC_WARN_64_TO_32_BIT_CONVERSION = YES;
				GCC_WARN_ABOUT_RETURN_TYPE = YES_ERROR;
				GCC_WARN_UNDECLARED_SELECTOR = YES;
				GCC_WARN_UNINITIALIZED_AUTOS = YES_AGGRESSIVE;
				GCC_WARN_UNUSED_FUNCTION = YES;
				GCC_WARN_UNUSED_VARIABLE = YES;
				IPHONEOS_DEPLOYMENT_TARGET = 9.2;
				MTL_ENABLE_DEBUG_INFO = YES;
				ONLY_ACTIVE_ARCH = YES;
				SDKROOT = iphoneos;
				SWIFT_OPTIMIZATION_LEVEL = "-Onone";
				TARGETED_DEVICE_FAMILY = "1,2";
			};
			name = Debug;
		};
		B93274DF1C220DDF00460372 /* Release */ = {
			isa = XCBuildConfiguration;
			buildSettings = {
				ALWAYS_SEARCH_USER_PATHS = NO;
				CLANG_CXX_LANGUAGE_STANDARD = "gnu++0x";
				CLANG_CXX_LIBRARY = "libc++";
				CLANG_ENABLE_MODULES = YES;
				CLANG_ENABLE_OBJC_ARC = YES;
				CLANG_WARN_BOOL_CONVERSION = YES;
				CLANG_WARN_CONSTANT_CONVERSION = YES;
				CLANG_WARN_DIRECT_OBJC_ISA_USAGE = YES_ERROR;
				CLANG_WARN_EMPTY_BODY = YES;
				CLANG_WARN_ENUM_CONVERSION = YES;
				CLANG_WARN_INT_CONVERSION = YES;
				CLANG_WARN_OBJC_ROOT_CLASS = YES_ERROR;
				CLANG_WARN_UNREACHABLE_CODE = YES;
				CLANG_WARN__DUPLICATE_METHOD_MATCH = YES;
				"CODE_SIGN_IDENTITY[sdk=iphoneos*]" = "iPhone Developer";
				COPY_PHASE_STRIP = NO;
				DEBUG_INFORMATION_FORMAT = "dwarf-with-dsym";
				ENABLE_NS_ASSERTIONS = NO;
				ENABLE_STRICT_OBJC_MSGSEND = YES;
				GCC_C_LANGUAGE_STANDARD = gnu99;
				GCC_NO_COMMON_BLOCKS = YES;
				GCC_WARN_64_TO_32_BIT_CONVERSION = YES;
				GCC_WARN_ABOUT_RETURN_TYPE = YES_ERROR;
				GCC_WARN_UNDECLARED_SELECTOR = YES;
				GCC_WARN_UNINITIALIZED_AUTOS = YES_AGGRESSIVE;
				GCC_WARN_UNUSED_FUNCTION = YES;
				GCC_WARN_UNUSED_VARIABLE = YES;
				IPHONEOS_DEPLOYMENT_TARGET = 9.2;
				MTL_ENABLE_DEBUG_INFO = NO;
				SDKROOT = iphoneos;
				TARGETED_DEVICE_FAMILY = "1,2";
				VALIDATE_PRODUCT = YES;
			};
			name = Release;
		};
		B93274E11C220DDF00460372 /* Debug */ = {
			isa = XCBuildConfiguration;
			buildSettings = {
				ASSETCATALOG_COMPILER_APPICON_NAME = AppIcon;
				INFOPLIST_FILE = SwiftBit/Info.plist;
				LD_RUNPATH_SEARCH_PATHS = "$(inherited) @executable_path/Frameworks";
				PRODUCT_BUNDLE_IDENTIFIER = maroto.me.SwiftBit;
				PRODUCT_NAME = "$(TARGET_NAME)";
			};
			name = Debug;
		};
		B93274E21C220DDF00460372 /* Release */ = {
			isa = XCBuildConfiguration;
			buildSettings = {
				ASSETCATALOG_COMPILER_APPICON_NAME = AppIcon;
				INFOPLIST_FILE = SwiftBit/Info.plist;
				LD_RUNPATH_SEARCH_PATHS = "$(inherited) @executable_path/Frameworks";
				PRODUCT_BUNDLE_IDENTIFIER = maroto.me.SwiftBit;
				PRODUCT_NAME = "$(TARGET_NAME)";
			};
			name = Release;
		};
/* End XCBuildConfiguration section */

/* Begin XCConfigurationList section */
		B93274C91C220DDF00460372 /* Build configuration list for PBXProject "SwiftBit" */ = {
			isa = XCConfigurationList;
			buildConfigurations = (
				B93274DE1C220DDF00460372 /* Debug */,
				B93274DF1C220DDF00460372 /* Release */,
			);
			defaultConfigurationIsVisible = 0;
			defaultConfigurationName = Release;
		};
		B93274E01C220DDF00460372 /* Build configuration list for PBXNativeTarget "SwiftBit" */ = {
			isa = XCConfigurationList;
			buildConfigurations = (
				B93274E11C220DDF00460372 /* Debug */,
				B93274E21C220DDF00460372 /* Release */,
			);
			defaultConfigurationIsVisible = 0;
		};
/* End XCConfigurationList section */
	};
	rootObject = B93274C61C220DDF00460372 /* Project object */;
}
